
Microsoft Visual Studio Solution File, Format Version 12.00
# Visual Studio Version 16
VisualStudioVersion = 16.0.30011.22
MinimumVisualStudioVersion = 10.0.40219.1
Project("{FAE04EC0-301F-11D3-BF4B-00C04F79EFBC}") = "OPSCompute", "OPSCompute\OPSCompute.csproj", "{AAE58FBE-4911-4191-912D-BF01F4CF9D30}"
	ProjectSection(ProjectDependencies) = postProject
		{F0A5BCCA-78BD-40A1-A39C-8CB3BBFFE4FF} = {F0A5BCCA-78BD-40A1-A39C-8CB3BBFFE4FF}
		{C0915FCC-8D29-4059-9E87-A44C50817215} = {C0915FCC-8D29-4059-9E87-A44C50817215}
	EndProjectSection
EndProject
Project("{FAE04EC0-301F-11D3-BF4B-00C04F79EFBC}") = "PDMCompute", "PDMCompute\PDMCompute.csproj", "{F0A5BCCA-78BD-40A1-A39C-8CB3BBFFE4FF}"
EndProject
Project("{FAE04EC0-301F-11D3-BF4B-00C04F79EFBC}") = "PDMMessages", "PDMMessages\PDMMessages.csproj", "{C0915FCC-8D29-4059-9E87-A44C50817215}"
EndProject
Project("{FAE04EC0-301F-11D3-BF4B-00C04F79EFBC}") = "PDMHelpers", "PDMHelpers\PDMHelpers.csproj", "{597D4A6B-98E9-4559-9743-8CA405B143D8}"
EndProject
Project("{FAE04EC0-301F-11D3-BF4B-00C04F79EFBC}") = "M1Test", "M1Test\M1Test.csproj", "{D323FD52-4677-4710-8ADE-96EC50A593E1}"
EndProject
Project("{2150E333-8FDC-42A3-9474-1A3956D46DE8}") = "Solution Items", "Solution Items", "{FDAECE6C-B255-46D4-BC05-C1882EC84606}"
	ProjectSection(SolutionItems) = preProject
		README.md = README.md
	EndProjectSection
EndProject
Project("{FAE04EC0-301F-11D3-BF4B-00C04F79EFBC}") = "PDMHelpers.UnitTests", "PDMHelpers.UnitTests\PDMHelpers.UnitTests.csproj", "{439B7FFC-39FA-4DD2-B73A-8616113D0DD5}"
EndProject
Project("{FAE04EC0-301F-11D3-BF4B-00C04F79EFBC}") = "PDMCompute.UnitTests", "PDMCompute.UnitTests\PDMCompute.UnitTests.csproj", "{8A34FB5C-7C0D-458C-BF40-6C6EEE3F91C2}"
EndProject
Project("{FAE04EC0-301F-11D3-BF4B-00C04F79EFBC}") = "PDMDatabase", "PDMDatabase\PDMDatabase.csproj", "{C00C3939-9097-407A-AE08-EBBD45B0BDA8}"
EndProject
Project("{FAE04EC0-301F-11D3-BF4B-00C04F79EFBC}") = "PDMMessages.UnitTests", "PDMMessages.UnitTests\PDMMessages.UnitTests.csproj", "{F0C1494B-3FE1-47C5-89DF-8944C9C71FC5}"
EndProject
Project("{FAE04EC0-301F-11D3-BF4B-00C04F79EFBC}") = "PDMDatabase.UnitTests", "PDMDatabase.UnitTests\PDMDatabase.UnitTests.csproj", "{5BAE6D85-A15D-48CD-9725-0827658ABEE9}"
EndProject
Project("{2150E333-8FDC-42A3-9474-1A3956D46DE8}") = "Complementos", "Complementos", "{33F137E1-1E12-470F-9471-6A0572C64DF7}"
EndProject
Project("{2150E333-8FDC-42A3-9474-1A3956D46DE8}") = "OPSCommon", "OPSCommon", "{F89092F3-2DBC-4134-8F16-CA2C6DEDD5C2}"
EndProject
Project("{FAE04EC0-301F-11D3-BF4B-00C04F79EFBC}") = "OPSLogger", "..\OPSCommon\OPSLogger\OPSLogger.csproj", "{8A9B4521-A395-44F7-B3EF-2B89EE90FD44}"
EndProject
Global
	GlobalSection(SolutionConfigurationPlatforms) = preSolution
		Debug|Any CPU = Debug|Any CPU
		Debug|x64 = Debug|x64
		Release|Any CPU = Release|Any CPU
		Release|x64 = Release|x64
	EndGlobalSection
	GlobalSection(ProjectConfigurationPlatforms) = postSolution
		{AAE58FBE-4911-4191-912D-BF01F4CF9D30}.Debug|Any CPU.ActiveCfg = Debug|Any CPU
		{AAE58FBE-4911-4191-912D-BF01F4CF9D30}.Debug|Any CPU.Build.0 = Debug|Any CPU
		{AAE58FBE-4911-4191-912D-BF01F4CF9D30}.Debug|x64.ActiveCfg = Debug|x64
		{AAE58FBE-4911-4191-912D-BF01F4CF9D30}.Debug|x64.Build.0 = Debug|x64
		{AAE58FBE-4911-4191-912D-BF01F4CF9D30}.Release|Any CPU.ActiveCfg = Release|Any CPU
		{AAE58FBE-4911-4191-912D-BF01F4CF9D30}.Release|Any CPU.Build.0 = Release|Any CPU
		{AAE58FBE-4911-4191-912D-BF01F4CF9D30}.Release|x64.ActiveCfg = Release|x64
		{AAE58FBE-4911-4191-912D-BF01F4CF9D30}.Release|x64.Build.0 = Release|x64
		{F0A5BCCA-78BD-40A1-A39C-8CB3BBFFE4FF}.Debug|Any CPU.ActiveCfg = Debug|Any CPU
		{F0A5BCCA-78BD-40A1-A39C-8CB3BBFFE4FF}.Debug|Any CPU.Build.0 = Debug|Any CPU
		{F0A5BCCA-78BD-40A1-A39C-8CB3BBFFE4FF}.Debug|x64.ActiveCfg = Debug|x64
		{F0A5BCCA-78BD-40A1-A39C-8CB3BBFFE4FF}.Debug|x64.Build.0 = Debug|x64
		{F0A5BCCA-78BD-40A1-A39C-8CB3BBFFE4FF}.Release|Any CPU.ActiveCfg = Release|Any CPU
		{F0A5BCCA-78BD-40A1-A39C-8CB3BBFFE4FF}.Release|Any CPU.Build.0 = Release|Any CPU
		{F0A5BCCA-78BD-40A1-A39C-8CB3BBFFE4FF}.Release|x64.ActiveCfg = Release|x64
		{F0A5BCCA-78BD-40A1-A39C-8CB3BBFFE4FF}.Release|x64.Build.0 = Release|x64
		{C0915FCC-8D29-4059-9E87-A44C50817215}.Debug|Any CPU.ActiveCfg = Debug|Any CPU
		{C0915FCC-8D29-4059-9E87-A44C50817215}.Debug|Any CPU.Build.0 = Debug|Any CPU
		{C0915FCC-8D29-4059-9E87-A44C50817215}.Debug|x64.ActiveCfg = Debug|x64
		{C0915FCC-8D29-4059-9E87-A44C50817215}.Debug|x64.Build.0 = Debug|x64
		{C0915FCC-8D29-4059-9E87-A44C50817215}.Release|Any CPU.ActiveCfg = Release|Any CPU
		{C0915FCC-8D29-4059-9E87-A44C50817215}.Release|Any CPU.Build.0 = Release|Any CPU
		{C0915FCC-8D29-4059-9E87-A44C50817215}.Release|x64.ActiveCfg = Release|x64
		{C0915FCC-8D29-4059-9E87-A44C50817215}.Release|x64.Build.0 = Release|x64
		{597D4A6B-98E9-4559-9743-8CA405B143D8}.Debug|Any CPU.ActiveCfg = Debug|Any CPU
		{597D4A6B-98E9-4559-9743-8CA405B143D8}.Debug|Any CPU.Build.0 = Debug|Any CPU
		{597D4A6B-98E9-4559-9743-8CA405B143D8}.Debug|x64.ActiveCfg = Debug|x64
		{597D4A6B-98E9-4559-9743-8CA405B143D8}.Debug|x64.Build.0 = Debug|x64
		{597D4A6B-98E9-4559-9743-8CA405B143D8}.Release|Any CPU.ActiveCfg = Release|Any CPU
		{597D4A6B-98E9-4559-9743-8CA405B143D8}.Release|Any CPU.Build.0 = Release|Any CPU
		{597D4A6B-98E9-4559-9743-8CA405B143D8}.Release|x64.ActiveCfg = Release|x64
		{597D4A6B-98E9-4559-9743-8CA405B143D8}.Release|x64.Build.0 = Release|x64
		{D323FD52-4677-4710-8ADE-96EC50A593E1}.Debug|Any CPU.ActiveCfg = Debug|Any CPU
		{D323FD52-4677-4710-8ADE-96EC50A593E1}.Debug|Any CPU.Build.0 = Debug|Any CPU
		{D323FD52-4677-4710-8ADE-96EC50A593E1}.Debug|x64.ActiveCfg = Debug|x64
		{D323FD52-4677-4710-8ADE-96EC50A593E1}.Debug|x64.Build.0 = Debug|x64
		{D323FD52-4677-4710-8ADE-96EC50A593E1}.Release|Any CPU.ActiveCfg = Release|Any CPU
		{D323FD52-4677-4710-8ADE-96EC50A593E1}.Release|Any CPU.Build.0 = Release|Any CPU
		{D323FD52-4677-4710-8ADE-96EC50A593E1}.Release|x64.ActiveCfg = Release|x64
		{D323FD52-4677-4710-8ADE-96EC50A593E1}.Release|x64.Build.0 = Release|x64
		{439B7FFC-39FA-4DD2-B73A-8616113D0DD5}.Debug|Any CPU.ActiveCfg = Debug|Any CPU
		{439B7FFC-39FA-4DD2-B73A-8616113D0DD5}.Debug|Any CPU.Build.0 = Debug|Any CPU
		{439B7FFC-39FA-4DD2-B73A-8616113D0DD5}.Debug|x64.ActiveCfg = Debug|x64
		{439B7FFC-39FA-4DD2-B73A-8616113D0DD5}.Debug|x64.Build.0 = Debug|x64
		{439B7FFC-39FA-4DD2-B73A-8616113D0DD5}.Release|Any CPU.ActiveCfg = Release|Any CPU
		{439B7FFC-39FA-4DD2-B73A-8616113D0DD5}.Release|Any CPU.Build.0 = Release|Any CPU
		{439B7FFC-39FA-4DD2-B73A-8616113D0DD5}.Release|x64.ActiveCfg = Release|x64
		{439B7FFC-39FA-4DD2-B73A-8616113D0DD5}.Release|x64.Build.0 = Release|x64
		{8A34FB5C-7C0D-458C-BF40-6C6EEE3F91C2}.Debug|Any CPU.ActiveCfg = Debug|Any CPU
		{8A34FB5C-7C0D-458C-BF40-6C6EEE3F91C2}.Debug|Any CPU.Build.0 = Debug|Any CPU
		{8A34FB5C-7C0D-458C-BF40-6C6EEE3F91C2}.Debug|x64.ActiveCfg = Debug|x64
		{8A34FB5C-7C0D-458C-BF40-6C6EEE3F91C2}.Debug|x64.Build.0 = Debug|x64
		{8A34FB5C-7C0D-458C-BF40-6C6EEE3F91C2}.Release|Any CPU.ActiveCfg = Release|Any CPU
		{8A34FB5C-7C0D-458C-BF40-6C6EEE3F91C2}.Release|Any CPU.Build.0 = Release|Any CPU
		{8A34FB5C-7C0D-458C-BF40-6C6EEE3F91C2}.Release|x64.ActiveCfg = Release|x64
		{8A34FB5C-7C0D-458C-BF40-6C6EEE3F91C2}.Release|x64.Build.0 = Release|x64
		{C00C3939-9097-407A-AE08-EBBD45B0BDA8}.Debug|Any CPU.ActiveCfg = Debug|Any CPU
		{C00C3939-9097-407A-AE08-EBBD45B0BDA8}.Debug|Any CPU.Build.0 = Debug|Any CPU
		{C00C3939-9097-407A-AE08-EBBD45B0BDA8}.Debug|x64.ActiveCfg = Debug|x64
		{C00C3939-9097-407A-AE08-EBBD45B0BDA8}.Debug|x64.Build.0 = Debug|x64
		{C00C3939-9097-407A-AE08-EBBD45B0BDA8}.Release|Any CPU.ActiveCfg = Release|Any CPU
		{C00C3939-9097-407A-AE08-EBBD45B0BDA8}.Release|Any CPU.Build.0 = Release|Any CPU
		{C00C3939-9097-407A-AE08-EBBD45B0BDA8}.Release|x64.ActiveCfg = Release|x64
		{C00C3939-9097-407A-AE08-EBBD45B0BDA8}.Release|x64.Build.0 = Release|x64
		{F0C1494B-3FE1-47C5-89DF-8944C9C71FC5}.Debug|Any CPU.ActiveCfg = Debug|Any CPU
		{F0C1494B-3FE1-47C5-89DF-8944C9C71FC5}.Debug|Any CPU.Build.0 = Debug|Any CPU
		{F0C1494B-3FE1-47C5-89DF-8944C9C71FC5}.Debug|x64.ActiveCfg = Debug|x64
		{F0C1494B-3FE1-47C5-89DF-8944C9C71FC5}.Debug|x64.Build.0 = Debug|x64
		{F0C1494B-3FE1-47C5-89DF-8944C9C71FC5}.Release|Any CPU.ActiveCfg = Release|Any CPU
		{F0C1494B-3FE1-47C5-89DF-8944C9C71FC5}.Release|Any CPU.Build.0 = Release|Any CPU
		{F0C1494B-3FE1-47C5-89DF-8944C9C71FC5}.Release|x64.ActiveCfg = Release|x64
		{F0C1494B-3FE1-47C5-89DF-8944C9C71FC5}.Release|x64.Build.0 = Release|x64
		{5BAE6D85-A15D-48CD-9725-0827658ABEE9}.Debug|Any CPU.ActiveCfg = Debug|Any CPU
		{5BAE6D85-A15D-48CD-9725-0827658ABEE9}.Debug|Any CPU.Build.0 = Debug|Any CPU
		{5BAE6D85-A15D-48CD-9725-0827658ABEE9}.Debug|x64.ActiveCfg = Debug|x64
		{5BAE6D85-A15D-48CD-9725-0827658ABEE9}.Debug|x64.Build.0 = Debug|x64
		{5BAE6D85-A15D-48CD-9725-0827658ABEE9}.Release|Any CPU.ActiveCfg = Release|Any CPU
		{5BAE6D85-A15D-48CD-9725-0827658ABEE9}.Release|Any CPU.Build.0 = Release|Any CPU
		{5BAE6D85-A15D-48CD-9725-0827658ABEE9}.Release|x64.ActiveCfg = Release|x64
		{5BAE6D85-A15D-48CD-9725-0827658ABEE9}.Release|x64.Build.0 = Release|x64
		{8A9B4521-A395-44F7-B3EF-2B89EE90FD44}.Debug|Any CPU.ActiveCfg = Debug|Any CPU
		{8A9B4521-A395-44F7-B3EF-2B89EE90FD44}.Debug|Any CPU.Build.0 = Debug|Any CPU
		{8A9B4521-A395-44F7-B3EF-2B89EE90FD44}.Debug|x64.ActiveCfg = Debug|x64
		{8A9B4521-A395-44F7-B3EF-2B89EE90FD44}.Debug|x64.Build.0 = Debug|x64
		{8A9B4521-A395-44F7-B3EF-2B89EE90FD44}.Release|Any CPU.ActiveCfg = Release|Any CPU
		{8A9B4521-A395-44F7-B3EF-2B89EE90FD44}.Release|Any CPU.Build.0 = Release|Any CPU
		{8A9B4521-A395-44F7-B3EF-2B89EE90FD44}.Release|x64.ActiveCfg = Release|x64
		{8A9B4521-A395-44F7-B3EF-2B89EE90FD44}.Release|x64.Build.0 = Release|x64
	EndGlobalSection
	GlobalSection(SolutionProperties) = preSolution
		HideSolutionNode = FALSE
	EndGlobalSection
	GlobalSection(NestedProjects) = preSolution
		{F89092F3-2DBC-4134-8F16-CA2C6DEDD5C2} = {33F137E1-1E12-470F-9471-6A0572C64DF7}
		{8A9B4521-A395-44F7-B3EF-2B89EE90FD44} = {F89092F3-2DBC-4134-8F16-CA2C6DEDD5C2}
	EndGlobalSection
	GlobalSection(ExtensibilityGlobals) = postSolution
		SolutionGuid = {076123B1-E8BA-4FC6-B0DE-296826117F4D}
	EndGlobalSection
EndGlobal
