Microsoft Visual Studio Solution File, Format Version 12.00
# Visual Studio Version 16
VisualStudioVersion = 16.0.30011.22
MinimumVisualStudioVersion = 10.0.40219.1
Project("{FAE04EC0-301F-11D3-BF4B-00C04F79EFBC}") = "OPSMessages", "OPSMessages\OPSMessages.csproj", "{6D2C7F9D-D226-4318-A4A1-086758476818}"
EndProject
Project("{FAE04EC0-301F-11D3-BF4B-00C04F79EFBC}") = "OPSMsgDispatcher", "OPSMsgDispatcher\OPSMsgDispatcher.csproj", "{F8687235-6F2B-4134-A99F-831D9A1EDCA9}"
EndProject
Project("{FAE04EC0-301F-11D3-BF4B-00C04F79EFBC}") = "FineLib", "FineLib\FineLib.csproj", "{5EA4DD99-6228-44F2-84CC-E10EEF230FC1}"
EndProject
Project("{FAE04EC0-301F-11D3-BF4B-00C04F79EFBC}") = "OPSBecs", "OPSBecs\OPSBecs.csproj", "{3B42BC9D-ABF4-4C6D-9C07-2CBCDB24AB7D}"
EndProject
Project("{FAE04EC0-301F-11D3-BF4B-00C04F79EFBC}") = "OPSFecs", "OPSFecs\OPSFecs.csproj", "{AB81BEA1-A91D-47D2-A2AD-EAA06284BCB3}"
EndProject
Project("{FAE04EC0-301F-11D3-BF4B-00C04F79EFBC}") = "RealDurationCalculator", "RealDurationCalculator\RealDurationCalculator.csproj", "{36351AEE-C2C8-45D5-8614-98F8D4EEF3E0}"
EndProject
Project("{FAE04EC0-301F-11D3-BF4B-00C04F79EFBC}") = "OPS.Logger", "..\OPS.Logger\OPS.Logger\OPS.Logger.csproj", "{BC444294-9E5C-42E1-B2A9-350CB4259BB7}"
EndProject
Project("{FAE04EC0-301F-11D3-BF4B-00C04F79EFBC}") = "OPSComm", "..\OPSCommon\OPSComm\OPSComm\OPSComm.csproj", "{09C08710-6D6F-4FB6-9996-03115826FE74}"
EndProject
Project("{2150E333-8FDC-42A3-9474-1A3956D46DE8}") = "Complementos", "Complementos", "{72386882-F5FF-4AE0-92F4-A4B1315FF9BA}"
EndProject
Project("{FAE04EC0-301F-11D3-BF4B-00C04F79EFBC}") = "zlibnet", "..\zlibnet-master\zlibnet\zlibnet.csproj", "{18077F2F-5242-4807-B0BD-29129F0A4A74}"
EndProject
Project("{FAE04EC0-301F-11D3-BF4B-00C04F79EFBC}") = "OPSLogger", "..\OPSCommon\OPSLogger\OPSLogger.csproj", "{8A9B4521-A395-44F7-B3EF-2B89EE90FD44}"
EndProject
Project("{FAE04EC0-301F-11D3-BF4B-00C04F79EFBC}") = "Components", "..\OPSCommon\Components\Components.csproj", "{20FD5817-5C47-40F1-8749-A8572CB2D83A}"
EndProject
Project("{FAE04EC0-301F-11D3-BF4B-00C04F79EFBC}") = "ComponentsBD", "..\OPSCommon\ComponentsBD\ComponentsBD.csproj", "{3D0AF4E3-E555-4BDA-9CD8-B310DF6F3A7E}"
EndProject
Project("{2150E333-8FDC-42A3-9474-1A3956D46DE8}") = "OPSCommon", "OPSCommon", "{401E59DE-1B80-4DE9-9184-BCE7C0650871}"
EndProject
Project("{FAE04EC0-301F-11D3-BF4B-00C04F79EFBC}") = "IndeDataProvider", "..\OPSCommon\IndeDataProvider\IndeDataProvider.csproj", "{A546D4AA-8FDE-42AA-A477-A78DAAD6C1B3}"
EndProject
Project("{2150E333-8FDC-42A3-9474-1A3956D46DE8}") = "OPSCompute.NET", "OPSCompute.NET", "{84A29834-4027-4389-B589-EF7C787F0CFB}"
EndProject
Project("{FAE04EC0-301F-11D3-BF4B-00C04F79EFBC}") = "OPSCompute", "..\OPSCompute.NET\OPSCompute\OPSCompute.csproj", "{AAE58FBE-4911-4191-912D-BF01F4CF9D30}"
EndProject
Project("{FAE04EC0-301F-11D3-BF4B-00C04F79EFBC}") = "PDMHelpers", "..\OPSCompute.NET\PDMHelpers\PDMHelpers.csproj", "{597D4A6B-98E9-4559-9743-8CA405B143D8}"
EndProject
Project("{FAE04EC0-301F-11D3-BF4B-00C04F79EFBC}") = "Globalization", "..\OPSCommon\Globalization\Globalization.csproj", "{7CAC2A66-51F0-4F2C-AF92-58631EE4DB3B}"
EndProject
Project("{FAE04EC0-301F-11D3-BF4B-00C04F79EFBC}") = "OPSMsgConfig", "..\OPSCommon\OPSMsgConfig\OPSMsgConfig\OPSMsgConfig.csproj", "{CD455982-E262-43E5-976D-209EFB2E3447}"
EndProject
Global
	GlobalSection(SolutionConfigurationPlatforms) = preSolution
		Debug|Any CPU = Debug|Any CPU
		Debug|x64 = Debug|x64
		Release|Any CPU = Release|Any CPU
		Release|x64 = Release|x64
	EndGlobalSection
	GlobalSection(ProjectConfigurationPlatforms) = postSolution
		{6D2C7F9D-D226-4318-A4A1-086758476818}.Debug|Any CPU.ActiveCfg = Debug|Any CPU
		{6D2C7F9D-D226-4318-A4A1-086758476818}.Debug|Any CPU.Build.0 = Debug|Any CPU
		{6D2C7F9D-D226-4318-A4A1-086758476818}.Debug|x64.ActiveCfg = Debug|x64
		{6D2C7F9D-D226-4318-A4A1-086758476818}.Debug|x64.Build.0 = Debug|x64
		{6D2C7F9D-D226-4318-A4A1-086758476818}.Release|Any CPU.ActiveCfg = Release|Any CPU
		{6D2C7F9D-D226-4318-A4A1-086758476818}.Release|Any CPU.Build.0 = Release|Any CPU
		{6D2C7F9D-D226-4318-A4A1-086758476818}.Release|x64.ActiveCfg = Release|x64
		{6D2C7F9D-D226-4318-A4A1-086758476818}.Release|x64.Build.0 = Release|x64
		{F8687235-6F2B-4134-A99F-831D9A1EDCA9}.Debug|Any CPU.ActiveCfg = Debug|Any CPU
		{F8687235-6F2B-4134-A99F-831D9A1EDCA9}.Debug|Any CPU.Build.0 = Debug|Any CPU
		{F8687235-6F2B-4134-A99F-831D9A1EDCA9}.Debug|x64.ActiveCfg = Debug|x64
		{F8687235-6F2B-4134-A99F-831D9A1EDCA9}.Debug|x64.Build.0 = Debug|x64
		{F8687235-6F2B-4134-A99F-831D9A1EDCA9}.Release|Any CPU.ActiveCfg = Release|Any CPU
		{F8687235-6F2B-4134-A99F-831D9A1EDCA9}.Release|Any CPU.Build.0 = Release|Any CPU
		{F8687235-6F2B-4134-A99F-831D9A1EDCA9}.Release|x64.ActiveCfg = Release|x64
		{F8687235-6F2B-4134-A99F-831D9A1EDCA9}.Release|x64.Build.0 = Release|x64
		{5EA4DD99-6228-44F2-84CC-E10EEF230FC1}.Debug|Any CPU.ActiveCfg = Debug|Any CPU
		{5EA4DD99-6228-44F2-84CC-E10EEF230FC1}.Debug|Any CPU.Build.0 = Debug|Any CPU
		{5EA4DD99-6228-44F2-84CC-E10EEF230FC1}.Debug|x64.ActiveCfg = Debug|x64
		{5EA4DD99-6228-44F2-84CC-E10EEF230FC1}.Debug|x64.Build.0 = Debug|x64
		{5EA4DD99-6228-44F2-84CC-E10EEF230FC1}.Release|Any CPU.ActiveCfg = Release|Any CPU
		{5EA4DD99-6228-44F2-84CC-E10EEF230FC1}.Release|Any CPU.Build.0 = Release|Any CPU
		{5EA4DD99-6228-44F2-84CC-E10EEF230FC1}.Release|x64.ActiveCfg = Release|x64
		{5EA4DD99-6228-44F2-84CC-E10EEF230FC1}.Release|x64.Build.0 = Release|x64
		{3B42BC9D-ABF4-4C6D-9C07-2CBCDB24AB7D}.Debug|Any CPU.ActiveCfg = Debug|Any CPU
		{3B42BC9D-ABF4-4C6D-9C07-2CBCDB24AB7D}.Debug|Any CPU.Build.0 = Debug|Any CPU
		{3B42BC9D-ABF4-4C6D-9C07-2CBCDB24AB7D}.Debug|x64.ActiveCfg = Debug|x64
		{3B42BC9D-ABF4-4C6D-9C07-2CBCDB24AB7D}.Debug|x64.Build.0 = Debug|x64
		{3B42BC9D-ABF4-4C6D-9C07-2CBCDB24AB7D}.Release|Any CPU.ActiveCfg = Release|Any CPU
		{3B42BC9D-ABF4-4C6D-9C07-2CBCDB24AB7D}.Release|Any CPU.Build.0 = Release|Any CPU
		{3B42BC9D-ABF4-4C6D-9C07-2CBCDB24AB7D}.Release|x64.ActiveCfg = Release|x64
		{3B42BC9D-ABF4-4C6D-9C07-2CBCDB24AB7D}.Release|x64.Build.0 = Release|x64
		{AB81BEA1-A91D-47D2-A2AD-EAA06284BCB3}.Debug|Any CPU.ActiveCfg = Debug|Any CPU
		{AB81BEA1-A91D-47D2-A2AD-EAA06284BCB3}.Debug|Any CPU.Build.0 = Debug|Any CPU
		{AB81BEA1-A91D-47D2-A2AD-EAA06284BCB3}.Debug|x64.ActiveCfg = Debug|x64
		{AB81BEA1-A91D-47D2-A2AD-EAA06284BCB3}.Debug|x64.Build.0 = Debug|x64
		{AB81BEA1-A91D-47D2-A2AD-EAA06284BCB3}.Release|Any CPU.ActiveCfg = Release|Any CPU
		{AB81BEA1-A91D-47D2-A2AD-EAA06284BCB3}.Release|Any CPU.Build.0 = Release|Any CPU
		{AB81BEA1-A91D-47D2-A2AD-EAA06284BCB3}.Release|x64.ActiveCfg = Release|x64
		{AB81BEA1-A91D-47D2-A2AD-EAA06284BCB3}.Release|x64.Build.0 = Release|x64
		{36351AEE-C2C8-45D5-8614-98F8D4EEF3E0}.Debug|Any CPU.ActiveCfg = Debug|Any CPU
		{36351AEE-C2C8-45D5-8614-98F8D4EEF3E0}.Debug|Any CPU.Build.0 = Debug|Any CPU
		{36351AEE-C2C8-45D5-8614-98F8D4EEF3E0}.Debug|x64.ActiveCfg = Debug|x64
		{36351AEE-C2C8-45D5-8614-98F8D4EEF3E0}.Debug|x64.Build.0 = Debug|x64
		{36351AEE-C2C8-45D5-8614-98F8D4EEF3E0}.Release|Any CPU.ActiveCfg = Release|Any CPU
		{36351AEE-C2C8-45D5-8614-98F8D4EEF3E0}.Release|Any CPU.Build.0 = Release|Any CPU
		{36351AEE-C2C8-45D5-8614-98F8D4EEF3E0}.Release|x64.ActiveCfg = Release|x64
		{36351AEE-C2C8-45D5-8614-98F8D4EEF3E0}.Release|x64.Build.0 = Release|x64
		{BC444294-9E5C-42E1-B2A9-350CB4259BB7}.Debug|Any CPU.ActiveCfg = Debug|Any CPU
		{BC444294-9E5C-42E1-B2A9-350CB4259BB7}.Debug|Any CPU.Build.0 = Debug|Any CPU
		{BC444294-9E5C-42E1-B2A9-350CB4259BB7}.Debug|x64.ActiveCfg = Debug|Any CPU
		{BC444294-9E5C-42E1-B2A9-350CB4259BB7}.Debug|x64.Build.0 = Debug|Any CPU
		{BC444294-9E5C-42E1-B2A9-350CB4259BB7}.Release|Any CPU.ActiveCfg = Release|Any CPU
		{BC444294-9E5C-42E1-B2A9-350CB4259BB7}.Release|Any CPU.Build.0 = Release|Any CPU
		{BC444294-9E5C-42E1-B2A9-350CB4259BB7}.Release|x64.ActiveCfg = Release|x64
		{BC444294-9E5C-42E1-B2A9-350CB4259BB7}.Release|x64.Build.0 = Release|x64
		{09C08710-6D6F-4FB6-9996-03115826FE74}.Debug|Any CPU.ActiveCfg = Debug|Any CPU
		{09C08710-6D6F-4FB6-9996-03115826FE74}.Debug|Any CPU.Build.0 = Debug|Any CPU
		{09C08710-6D6F-4FB6-9996-03115826FE74}.Debug|x64.ActiveCfg = Debug|x64
		{09C08710-6D6F-4FB6-9996-03115826FE74}.Debug|x64.Build.0 = Debug|x64
		{09C08710-6D6F-4FB6-9996-03115826FE74}.Release|Any CPU.ActiveCfg = Release|Any CPU
		{09C08710-6D6F-4FB6-9996-03115826FE74}.Release|Any CPU.Build.0 = Release|Any CPU
		{09C08710-6D6F-4FB6-9996-03115826FE74}.Release|x64.ActiveCfg = Release|x64
		{09C08710-6D6F-4FB6-9996-03115826FE74}.Release|x64.Build.0 = Release|x64
		{18077F2F-5242-4807-B0BD-29129F0A4A74}.Debug|Any CPU.ActiveCfg = Debug|Any CPU
		{18077F2F-5242-4807-B0BD-29129F0A4A74}.Debug|Any CPU.Build.0 = Debug|Any CPU
		{18077F2F-5242-4807-B0BD-29129F0A4A74}.Debug|x64.ActiveCfg = Debug|Any CPU
		{18077F2F-5242-4807-B0BD-29129F0A4A74}.Debug|x64.Build.0 = Debug|Any CPU
		{18077F2F-5242-4807-B0BD-29129F0A4A74}.Release|Any CPU.ActiveCfg = Release|Any CPU
		{18077F2F-5242-4807-B0BD-29129F0A4A74}.Release|Any CPU.Build.0 = Release|Any CPU
		{18077F2F-5242-4807-B0BD-29129F0A4A74}.Release|x64.ActiveCfg = Release|x64
		{18077F2F-5242-4807-B0BD-29129F0A4A74}.Release|x64.Build.0 = Release|x64
		{8A9B4521-A395-44F7-B3EF-2B89EE90FD44}.Debug|Any CPU.ActiveCfg = Debug|Any CPU
		{8A9B4521-A395-44F7-B3EF-2B89EE90FD44}.Debug|Any CPU.Build.0 = Debug|Any CPU
		{8A9B4521-A395-44F7-B3EF-2B89EE90FD44}.Debug|x64.ActiveCfg = Debug|Any CPU
		{8A9B4521-A395-44F7-B3EF-2B89EE90FD44}.Debug|x64.Build.0 = Debug|Any CPU
		{8A9B4521-A395-44F7-B3EF-2B89EE90FD44}.Release|Any CPU.ActiveCfg = Release|Any CPU
		{8A9B4521-A395-44F7-B3EF-2B89EE90FD44}.Release|Any CPU.Build.0 = Release|Any CPU
		{8A9B4521-A395-44F7-B3EF-2B89EE90FD44}.Release|x64.ActiveCfg = Release|x64
		{8A9B4521-A395-44F7-B3EF-2B89EE90FD44}.Release|x64.Build.0 = Release|x64
		{20FD5817-5C47-40F1-8749-A8572CB2D83A}.Debug|Any CPU.ActiveCfg = Debug|Any CPU
		{20FD5817-5C47-40F1-8749-A8572CB2D83A}.Debug|Any CPU.Build.0 = Debug|Any CPU
		{20FD5817-5C47-40F1-8749-A8572CB2D83A}.Debug|x64.ActiveCfg = Debug|Any CPU
		{20FD5817-5C47-40F1-8749-A8572CB2D83A}.Debug|x64.Build.0 = Debug|Any CPU
		{20FD5817-5C47-40F1-8749-A8572CB2D83A}.Release|Any CPU.ActiveCfg = Release|Any CPU
		{20FD5817-5C47-40F1-8749-A8572CB2D83A}.Release|Any CPU.Build.0 = Release|Any CPU
		{20FD5817-5C47-40F1-8749-A8572CB2D83A}.Release|x64.ActiveCfg = Release|x64
		{20FD5817-5C47-40F1-8749-A8572CB2D83A}.Release|x64.Build.0 = Release|x64
		{3D0AF4E3-E555-4BDA-9CD8-B310DF6F3A7E}.Debug|Any CPU.ActiveCfg = Debug|Any CPU
		{3D0AF4E3-E555-4BDA-9CD8-B310DF6F3A7E}.Debug|Any CPU.Build.0 = Debug|Any CPU
		{3D0AF4E3-E555-4BDA-9CD8-B310DF6F3A7E}.Debug|x64.ActiveCfg = Debug|Any CPU
		{3D0AF4E3-E555-4BDA-9CD8-B310DF6F3A7E}.Debug|x64.Build.0 = Debug|Any CPU
		{3D0AF4E3-E555-4BDA-9CD8-B310DF6F3A7E}.Release|Any CPU.ActiveCfg = Release|Any CPU
		{3D0AF4E3-E555-4BDA-9CD8-B310DF6F3A7E}.Release|Any CPU.Build.0 = Release|Any CPU
		{3D0AF4E3-E555-4BDA-9CD8-B310DF6F3A7E}.Release|x64.ActiveCfg = Release|x64
		{3D0AF4E3-E555-4BDA-9CD8-B310DF6F3A7E}.Release|x64.Build.0 = Release|x64
		{A546D4AA-8FDE-42AA-A477-A78DAAD6C1B3}.Debug|Any CPU.ActiveCfg = Debug|Any CPU
		{A546D4AA-8FDE-42AA-A477-A78DAAD6C1B3}.Debug|Any CPU.Build.0 = Debug|Any CPU
		{A546D4AA-8FDE-42AA-A477-A78DAAD6C1B3}.Debug|x64.ActiveCfg = Debug|Any CPU
		{A546D4AA-8FDE-42AA-A477-A78DAAD6C1B3}.Debug|x64.Build.0 = Debug|Any CPU
		{A546D4AA-8FDE-42AA-A477-A78DAAD6C1B3}.Release|Any CPU.ActiveCfg = Release|Any CPU
		{A546D4AA-8FDE-42AA-A477-A78DAAD6C1B3}.Release|Any CPU.Build.0 = Release|Any CPU
		{A546D4AA-8FDE-42AA-A477-A78DAAD6C1B3}.Release|x64.ActiveCfg = Release|x64
		{A546D4AA-8FDE-42AA-A477-A78DAAD6C1B3}.Release|x64.Build.0 = Release|x64
		{AAE58FBE-4911-4191-912D-BF01F4CF9D30}.Debug|Any CPU.ActiveCfg = Debug|Any CPU
		{AAE58FBE-4911-4191-912D-BF01F4CF9D30}.Debug|Any CPU.Build.0 = Debug|Any CPU
		{AAE58FBE-4911-4191-912D-BF01F4CF9D30}.Debug|x64.ActiveCfg = Debug|x64
		{AAE58FBE-4911-4191-912D-BF01F4CF9D30}.Debug|x64.Build.0 = Debug|x64
		{AAE58FBE-4911-4191-912D-BF01F4CF9D30}.Release|Any CPU.ActiveCfg = Release|Any CPU
		{AAE58FBE-4911-4191-912D-BF01F4CF9D30}.Release|Any CPU.Build.0 = Release|Any CPU
		{AAE58FBE-4911-4191-912D-BF01F4CF9D30}.Release|x64.ActiveCfg = Release|x64
		{AAE58FBE-4911-4191-912D-BF01F4CF9D30}.Release|x64.Build.0 = Release|x64
		{597D4A6B-98E9-4559-9743-8CA405B143D8}.Debug|Any CPU.ActiveCfg = Debug|Any CPU
		{597D4A6B-98E9-4559-9743-8CA405B143D8}.Debug|Any CPU.Build.0 = Debug|Any CPU
		{597D4A6B-98E9-4559-9743-8CA405B143D8}.Debug|x64.ActiveCfg = Debug|x64
		{597D4A6B-98E9-4559-9743-8CA405B143D8}.Debug|x64.Build.0 = Debug|x64
		{597D4A6B-98E9-4559-9743-8CA405B143D8}.Release|Any CPU.ActiveCfg = Release|Any CPU
		{597D4A6B-98E9-4559-9743-8CA405B143D8}.Release|Any CPU.Build.0 = Release|Any CPU
		{597D4A6B-98E9-4559-9743-8CA405B143D8}.Release|x64.ActiveCfg = Release|x64
		{597D4A6B-98E9-4559-9743-8CA405B143D8}.Release|x64.Build.0 = Release|x64
		{7CAC2A66-51F0-4F2C-AF92-58631EE4DB3B}.Debug|Any CPU.ActiveCfg = Debug|Any CPU
		{7CAC2A66-51F0-4F2C-AF92-58631EE4DB3B}.Debug|Any CPU.Build.0 = Debug|Any CPU
		{7CAC2A66-51F0-4F2C-AF92-58631EE4DB3B}.Debug|x64.ActiveCfg = Debug|Any CPU
		{7CAC2A66-51F0-4F2C-AF92-58631EE4DB3B}.Debug|x64.Build.0 = Debug|Any CPU
		{7CAC2A66-51F0-4F2C-AF92-58631EE4DB3B}.Release|Any CPU.ActiveCfg = Release|Any CPU
		{7CAC2A66-51F0-4F2C-AF92-58631EE4DB3B}.Release|Any CPU.Build.0 = Release|Any CPU
		{7CAC2A66-51F0-4F2C-AF92-58631EE4DB3B}.Release|x64.ActiveCfg = Release|x64
		{7CAC2A66-51F0-4F2C-AF92-58631EE4DB3B}.Release|x64.Build.0 = Release|x64
		{CD455982-E262-43E5-976D-209EFB2E3447}.Debug|Any CPU.ActiveCfg = Debug|Any CPU
		{CD455982-E262-43E5-976D-209EFB2E3447}.Debug|Any CPU.Build.0 = Debug|Any CPU
		{CD455982-E262-43E5-976D-209EFB2E3447}.Debug|x64.ActiveCfg = Debug|Any CPU
		{CD455982-E262-43E5-976D-209EFB2E3447}.Debug|x64.Build.0 = Debug|Any CPU
		{CD455982-E262-43E5-976D-209EFB2E3447}.Release|Any CPU.ActiveCfg = Release|Any CPU
		{CD455982-E262-43E5-976D-209EFB2E3447}.Release|Any CPU.Build.0 = Release|Any CPU
		{CD455982-E262-43E5-976D-209EFB2E3447}.Release|x64.ActiveCfg = Release|x64
		{CD455982-E262-43E5-976D-209EFB2E3447}.Release|x64.Build.0 = Release|x64
	EndGlobalSection
	GlobalSection(SolutionProperties) = preSolution
		HideSolutionNode = FALSE
	EndGlobalSection
	GlobalSection(NestedProjects) = preSolution
		{BC444294-9E5C-42E1-B2A9-350CB4259BB7} = {72386882-F5FF-4AE0-92F4-A4B1315FF9BA}
		{09C08710-6D6F-4FB6-9996-03115826FE74} = {401E59DE-1B80-4DE9-9184-BCE7C0650871}
		{18077F2F-5242-4807-B0BD-29129F0A4A74} = {72386882-F5FF-4AE0-92F4-A4B1315FF9BA}
		{8A9B4521-A395-44F7-B3EF-2B89EE90FD44} = {401E59DE-1B80-4DE9-9184-BCE7C0650871}
		{20FD5817-5C47-40F1-8749-A8572CB2D83A} = {401E59DE-1B80-4DE9-9184-BCE7C0650871}
		{3D0AF4E3-E555-4BDA-9CD8-B310DF6F3A7E} = {401E59DE-1B80-4DE9-9184-BCE7C0650871}
		{401E59DE-1B80-4DE9-9184-BCE7C0650871} = {72386882-F5FF-4AE0-92F4-A4B1315FF9BA}
		{A546D4AA-8FDE-42AA-A477-A78DAAD6C1B3} = {401E59DE-1B80-4DE9-9184-BCE7C0650871}
		{84A29834-4027-4389-B589-EF7C787F0CFB} = {72386882-F5FF-4AE0-92F4-A4B1315FF9BA}
		{AAE58FBE-4911-4191-912D-BF01F4CF9D30} = {84A29834-4027-4389-B589-EF7C787F0CFB}
		{597D4A6B-98E9-4559-9743-8CA405B143D8} = {84A29834-4027-4389-B589-EF7C787F0CFB}
		{7CAC2A66-51F0-4F2C-AF92-58631EE4DB3B} = {401E59DE-1B80-4DE9-9184-BCE7C0650871}
		{CD455982-E262-43E5-976D-209EFB2E3447} = {401E59DE-1B80-4DE9-9184-BCE7C0650871}
	EndGlobalSection
	GlobalSection(ExtensibilityGlobals) = postSolution
		SolutionGuid = {6E0B412A-73FD-4E74-A9B0-C29AAC55C7AC}
	EndGlobalSection
	GlobalSection(DPCodeReviewSolutionGUID) = preSolution
		DPCodeReviewSolutionGUID = {00000000-0000-0000-0000-000000000000}
	EndGlobalSection
EndGlobal
